
Microsoft Visual Studio Solution File, Format Version 12.00
# Visual Studio Version 17
VisualStudioVersion = 17.0.31903.59
MinimumVisualStudioVersion = 10.0.40219.1
Project("{FAE04EC0-301F-11D3-BF4B-00C04F79EFBC}") = "API", "API\API.csproj", "{FD2CD0AA-4D19-4F12-8BAF-B572FF758D0B}"
EndProject
Project("{FAE04EC0-301F-11D3-BF4B-00C04F79EFBC}") = "Infrastructure", "Infrastructure\Infrastructure.csproj", "{9DC1C03A-28A0-42E5-80BC-F08BBDF5FB8F}"
EndProject
Project("{FAE04EC0-301F-11D3-BF4B-00C04F79EFBC}") = "Core", "Core\Core.csproj", "{7540ACBF-919A-499C-B715-A58EA2BF5570}"
EndProject
Global
	GlobalSection(SolutionConfigurationPlatforms) = preSolution
		Debug|Any CPU = Debug|Any CPU
		Release|Any CPU = Release|Any CPU
	EndGlobalSection
	GlobalSection(SolutionProperties) = preSolution
		HideSolutionNode = FALSE
	EndGlobalSection
	GlobalSection(ProjectConfigurationPlatforms) = postSolution
		{FD2CD0AA-4D19-4F12-8BAF-B572FF758D0B}.Debug|Any CPU.ActiveCfg = Debug|Any CPU
		{FD2CD0AA-4D19-4F12-8BAF-B572FF758D0B}.Debug|Any CPU.Build.0 = Debug|Any CPU
		{FD2CD0AA-4D19-4F12-8BAF-B572FF758D0B}.Release|Any CPU.ActiveCfg = Release|Any CPU
		{FD2CD0AA-4D19-4F12-8BAF-B572FF758D0B}.Release|Any CPU.Build.0 = Release|Any CPU
		{9DC1C03A-28A0-42E5-80BC-F08BBDF5FB8F}.Debug|Any CPU.ActiveCfg = Debug|Any CPU
		{9DC1C03A-28A0-42E5-80BC-F08BBDF5FB8F}.Debug|Any CPU.Build.0 = Debug|Any CPU
		{9DC1C03A-28A0-42E5-80BC-F08BBDF5FB8F}.Release|Any CPU.ActiveCfg = Release|Any CPU
		{9DC1C03A-28A0-42E5-80BC-F08BBDF5FB8F}.Release|Any CPU.Build.0 = Release|Any CPU
		{7540ACBF-919A-499C-B715-A58EA2BF5570}.Debug|Any CPU.ActiveCfg = Debug|Any CPU
		{7540ACBF-919A-499C-B715-A58EA2BF5570}.Debug|Any CPU.Build.0 = Debug|Any CPU
		{7540ACBF-919A-499C-B715-A58EA2BF5570}.Release|Any CPU.ActiveCfg = Release|Any CPU
		{7540ACBF-919A-499C-B715-A58EA2BF5570}.Release|Any CPU.Build.0 = Release|Any CPU
	EndGlobalSection
EndGlobal
